<?xml version="1.0" encoding="utf-8"?>
<Project ToolsVersion="4.0" xmlns="http://schemas.microsoft.com/developer/msbuild/2003">
  <ItemGroup>
    <Filter Include="Source Files">
      <UniqueIdentifier>{4FC737F1-C7A5-4376-A066-2A32D752A2FF}</UniqueIdentifier>
      <Extensions>cpp;c;cc;cxx;c++;cppm;ixx;def;odl;idl;hpj;bat;asm;asmx</Extensions>
    </Filter>
    <Filter Include="Header Files">
      <UniqueIdentifier>{93995380-89BD-4b04-88EB-625FBE52EBFB}</UniqueIdentifier>
      <Extensions>h;hh;hpp;hxx;h++;hm;inl;inc;ipp;xsd</Extensions>
    </Filter>
    <Filter Include="Resource Files">
      <UniqueIdentifier>{67DA6AB6-F800-4c08-8B7A-83BB121AAD01}</UniqueIdentifier>
      <Extensions>rc;ico;cur;bmp;dlg;rc2;rct;bin;rgs;gif;jpg;jpeg;jpe;resx;tiff;tif;png;wav;mfcribbon-ms</Extensions>
    </Filter>
  </ItemGroup>
  <ItemGroup>
    <ClInclude Include="ant.h">
      <Filter>Header Files</Filter>
    </ClInclude>
    <ClInclude Include="ant_sop.h">
      <Filter>Header Files</Filter>
    </ClInclude>
    <ClInclude Include="sop_instance.h">
      <Filter>Header Files</Filter>
    </ClInclude>
    <ClInclude Include="cmd_line_args.h">
      <Filter>Header Files</Filter>
    </ClInclude>
    <ClInclude Include="docopt.h">
      <Filter>Header Files</Filter>
    </ClInclude>
    <ClInclude Include="docopt_value.h">
      <Filter>Header Files</Filter>
    </ClInclude>
    <ClInclude Include="tsp_instance.h">
      <Filter>Header Files</Filter>
    </ClInclude>
    <ClInclude Include="standard_pheromone_memory.h">
      <Filter>Header Files</Filter>
    </ClInclude>
    <ClInclude Include="aco_distance_heuristic.h">
      <Filter>Header Files</Filter>
    </ClInclude>
    <ClInclude Include="acs.h">
      <Filter>Header Files</Filter>
    </ClInclude>
    <ClInclude Include="acs_node_selection_impl.h">
      <Filter>Header Files</Filter>
    </ClInclude>
    <ClInclude Include="acs_parameters.h">
      <Filter>Header Files</Filter>
    </ClInclude>
    <ClInclude Include="acs_sa.h">
      <Filter>Header Files</Filter>
    </ClInclude>
    <ClInclude Include="base_acs.h">
      <Filter>Header Files</Filter>
    </ClInclude>
    <ClInclude Include="docopt_private.h">
      <Filter>Header Files</Filter>
    </ClInclude>
    <ClInclude Include="docopt_util.h">
      <Filter>Header Files</Filter>
    </ClInclude>
    <ClInclude Include="eacs.h">
      <Filter>Header Files</Filter>
    </ClInclude>
    <ClInclude Include="eacs_sa.h">
      <Filter>Header Files</Filter>
    </ClInclude>
    <ClInclude Include="fs_utils.h">
      <Filter>Header Files</Filter>
    </ClInclude>
    <ClInclude Include="json.hpp">
      <Filter>Header Files</Filter>
    </ClInclude>
    <ClInclude Include="k_opt.h">
      <Filter>Header Files</Filter>
    </ClInclude>
    <ClInclude Include="local_search.h">
      <Filter>Header Files</Filter>
    </ClInclude>
    <ClInclude Include="log.h">
      <Filter>Header Files</Filter>
    </ClInclude>
    <ClInclude Include="lru_pheromone_memory.h">
      <Filter>Header Files</Filter>
    </ClInclude>
    <ClInclude Include="pheromone_memory.h">
      <Filter>Header Files</Filter>
    </ClInclude>
    <ClInclude Include="problem_model.h">
      <Filter>Header Files</Filter>
    </ClInclude>
    <ClInclude Include="progress_visitor.h">
      <Filter>Header Files</Filter>
    </ClInclude>
    <ClInclude Include="rng.h">
      <Filter>Header Files</Filter>
    </ClInclude>
    <ClInclude Include="sa.h">
      <Filter>Header Files</Filter>
    </ClInclude>
    <ClInclude Include="sop_local_search.h">
      <Filter>Header Files</Filter>
    </ClInclude>
    <ClInclude Include="stop_condition.h">
      <Filter>Header Files</Filter>
    </ClInclude>
    <ClInclude Include="tsplib.h">
      <Filter>Header Files</Filter>
    </ClInclude>
    <ClInclude Include="utils.h">
      <Filter>Header Files</Filter>
    </ClInclude>
    <ClInclude Include="unistd.h">
      <Filter>Header Files</Filter>
    </ClInclude>
  </ItemGroup>
  <ItemGroup>
    <ClCompile Include="main.cpp">
      <Filter>Source Files</Filter>
    </ClCompile>
    <ClCompile Include="ant_sop.cpp">
      <Filter>Source Files</Filter>
    </ClCompile>
    <ClCompile Include="sop_instance.cpp">
      <Filter>Source Files</Filter>
    </ClCompile>
    <ClCompile Include="cmd_line_args.cpp">
      <Filter>Source Files</Filter>
    </ClCompile>
    <ClCompile Include="tsp_instance.cpp">
      <Filter>Source Files</Filter>
    </ClCompile>
    <ClCompile Include="docopt.cpp">
      <Filter>Source Files</Filter>
    </ClCompile>
    <ClCompile Include="fs_utils.cpp">
      <Filter>Source Files</Filter>
    </ClCompile>
    <ClCompile Include="k_opt.cpp">
      <Filter>Source Files</Filter>
    </ClCompile>
    <ClCompile Include="log.cpp">
      <Filter>Source Files</Filter>
    </ClCompile>
    <ClCompile Include="lru_pheromone_memory.cpp">
      <Filter>Source Files</Filter>
    </ClCompile>
    <ClCompile Include="rng.cpp">
      <Filter>Source Files</Filter>
    </ClCompile>
    <ClCompile Include="sop_local_search.cpp">
      <Filter>Source Files</Filter>
    </ClCompile>
    <ClCompile Include="standard_pheromone_memory.cpp">
      <Filter>Source Files</Filter>
    </ClCompile>
    <ClCompile Include="stop_condition.cpp">
      <Filter>Source Files</Filter>
    </ClCompile>
  </ItemGroup>
</Project>